
Microsoft Visual Studio Solution File, Format Version 12.00
# Visual Studio 15
VisualStudioVersion = 15.0.28307.489
MinimumVisualStudioVersion = 10.0.40219.1
Project("{FAE04EC0-301F-11D3-BF4B-00C04F79EFBC}") = "AgrobitAPI", "AgrobitAPI\AgrobitAPI.csproj", "{58446764-D338-4862-9780-B581081931B2}"
EndProject
Global
	GlobalSection(SolutionConfigurationPlatforms) = preSolution
		Debug|Any CPU = Debug|Any CPU
		Release|Any CPU = Release|Any CPU
	EndGlobalSection
	GlobalSection(ProjectConfigurationPlatforms) = postSolution
		{58446764-D338-4862-9780-B581081931B2}.Debug|Any CPU.ActiveCfg = Debug|Any CPU
		{58446764-D338-4862-9780-B581081931B2}.Debug|Any CPU.Build.0 = Debug|Any CPU
		{58446764-D338-4862-9780-B581081931B2}.Release|Any CPU.ActiveCfg = Release|Any CPU
		{58446764-D338-4862-9780-B581081931B2}.Release|Any CPU.Build.0 = Release|Any CPU
	EndGlobalSection
	GlobalSection(SolutionProperties) = preSolution
		HideSolutionNode = FALSE
	EndGlobalSection
	GlobalSection(ExtensibilityGlobals) = postSolution
		SolutionGuid = {543A190E-5734-4BCB-A49F-BDBE717C492D}
	EndGlobalSection
EndGlobal
